
Microsoft Visual Studio Solution File, Format Version 12.00
# Visual Studio 15
VisualStudioVersion = 15.0.26020.0
MinimumVisualStudioVersion = 10.0.40219.1
Project("{FAE04EC0-301F-11D3-BF4B-00C04F79EFBC}") = "Paint", "Paint\Paint.csproj", "{02D9ED4D-66ED-4791-96C1-8E007531C019}"
EndProject
Project("{FAE04EC0-301F-11D3-BF4B-00C04F79EFBC}") = "Snake", "Snake\Snake.csproj", "{D3F0717D-AD1F-40E5-8501-34ED292FFABF}"
EndProject
Project("{FAE04EC0-301F-11D3-BF4B-00C04F79EFBC}") = "FarManager", "FarManager\FarManager.csproj", "{2F36AC0B-1BB7-4D54-A5A6-B365A5D7CCBB}"
EndProject
Project("{FAE04EC0-301F-11D3-BF4B-00C04F79EFBC}") = "Complex_serialization", "Complex_serialization\Complex_serialization.csproj", "{D70B7FDF-D7D1-448E-90E0-F97F1A42B3B5}"
EndProject
Project("{FAE04EC0-301F-11D3-BF4B-00C04F79EFBC}") = "Calculator", "Calculator\Calculator.csproj", "{9CFACF92-6CB9-47C4-870A-88D95259A78A}"
EndProject
Global
	GlobalSection(SolutionConfigurationPlatforms) = preSolution
		Debug|Any CPU = Debug|Any CPU
		Release|Any CPU = Release|Any CPU
	EndGlobalSection
	GlobalSection(ProjectConfigurationPlatforms) = postSolution
		{02D9ED4D-66ED-4791-96C1-8E007531C019}.Debug|Any CPU.ActiveCfg = Debug|Any CPU
		{02D9ED4D-66ED-4791-96C1-8E007531C019}.Debug|Any CPU.Build.0 = Debug|Any CPU
		{02D9ED4D-66ED-4791-96C1-8E007531C019}.Release|Any CPU.ActiveCfg = Release|Any CPU
		{02D9ED4D-66ED-4791-96C1-8E007531C019}.Release|Any CPU.Build.0 = Release|Any CPU
		{D3F0717D-AD1F-40E5-8501-34ED292FFABF}.Debug|Any CPU.ActiveCfg = Debug|Any CPU
		{D3F0717D-AD1F-40E5-8501-34ED292FFABF}.Debug|Any CPU.Build.0 = Debug|Any CPU
		{D3F0717D-AD1F-40E5-8501-34ED292FFABF}.Release|Any CPU.ActiveCfg = Release|Any CPU
		{D3F0717D-AD1F-40E5-8501-34ED292FFABF}.Release|Any CPU.Build.0 = Release|Any CPU
		{2F36AC0B-1BB7-4D54-A5A6-B365A5D7CCBB}.Debug|Any CPU.ActiveCfg = Debug|Any CPU
		{2F36AC0B-1BB7-4D54-A5A6-B365A5D7CCBB}.Debug|Any CPU.Build.0 = Debug|Any CPU
		{2F36AC0B-1BB7-4D54-A5A6-B365A5D7CCBB}.Release|Any CPU.ActiveCfg = Release|Any CPU
		{2F36AC0B-1BB7-4D54-A5A6-B365A5D7CCBB}.Release|Any CPU.Build.0 = Release|Any CPU
		{D70B7FDF-D7D1-448E-90E0-F97F1A42B3B5}.Debug|Any CPU.ActiveCfg = Debug|Any CPU
		{D70B7FDF-D7D1-448E-90E0-F97F1A42B3B5}.Debug|Any CPU.Build.0 = Debug|Any CPU
		{D70B7FDF-D7D1-448E-90E0-F97F1A42B3B5}.Release|Any CPU.ActiveCfg = Release|Any CPU
		{D70B7FDF-D7D1-448E-90E0-F97F1A42B3B5}.Release|Any CPU.Build.0 = Release|Any CPU
		{9CFACF92-6CB9-47C4-870A-88D95259A78A}.Debug|Any CPU.ActiveCfg = Debug|Any CPU
		{9CFACF92-6CB9-47C4-870A-88D95259A78A}.Debug|Any CPU.Build.0 = Debug|Any CPU
		{9CFACF92-6CB9-47C4-870A-88D95259A78A}.Release|Any CPU.ActiveCfg = Release|Any CPU
		{9CFACF92-6CB9-47C4-870A-88D95259A78A}.Release|Any CPU.Build.0 = Release|Any CPU
	EndGlobalSection
	GlobalSection(SolutionProperties) = preSolution
		HideSolutionNode = FALSE
	EndGlobalSection
EndGlobal
